// !$*UTF8*$!
{
	archiveVersion = 1;
	classes = {
	};
	objectVersion = 48;
	objects = {

/* Begin PBXBuildFile section */
		5C390F8E20AA31CD0080D5B8 /* UIView+Extensions.swift in Sources */ = {isa = PBXBuildFile; fileRef = 5C390F8D20AA31CD0080D5B8 /* UIView+Extensions.swift */; };
		5C390F9820AA383C0080D5B8 /* Core.h in Headers */ = {isa = PBXBuildFile; fileRef = 5C390F9620AA383C0080D5B8 /* Core.h */; settings = {ATTRIBUTES = (Public, ); }; };
		5C390F9B20AA383C0080D5B8 /* Core.framework in Frameworks */ = {isa = PBXBuildFile; fileRef = 5C390F9420AA383C0080D5B8 /* Core.framework */; };
		5C390F9C20AA383C0080D5B8 /* Core.framework in Embed Frameworks */ = {isa = PBXBuildFile; fileRef = 5C390F9420AA383C0080D5B8 /* Core.framework */; settings = {ATTRIBUTES = (CodeSignOnCopy, RemoveHeadersOnCopy, ); }; };
		CE1096362027975300365A0A /* BurgerMenuViewController.swift in Sources */ = {isa = PBXBuildFile; fileRef = CE1096352027975300365A0A /* BurgerMenuViewController.swift */; };
		CE10963920279C6800365A0A /* BurgerMenuItem.swift in Sources */ = {isa = PBXBuildFile; fileRef = CE10963820279C6800365A0A /* BurgerMenuItem.swift */; };
		CE10963B20279FED00365A0A /* BurgerMenuCell.swift in Sources */ = {isa = PBXBuildFile; fileRef = CE10963A20279FED00365A0A /* BurgerMenuCell.swift */; };
		CE10963D2027A3AA00365A0A /* BurgerMenuHeaderView.swift in Sources */ = {isa = PBXBuildFile; fileRef = CE10963C2027A3AA00365A0A /* BurgerMenuHeaderView.swift */; };
		CE4506471FF19D8900DC65B6 /* RestApiManager.swift in Sources */ = {isa = PBXBuildFile; fileRef = CE4506461FF19D8900DC65B6 /* RestApiManager.swift */; };
		CE45064A1FF19F0000DC65B6 /* Router.swift in Sources */ = {isa = PBXBuildFile; fileRef = CE4506491FF19F0000DC65B6 /* Router.swift */; };
		CE9FA1031FEEE2A400B77E87 /* AppDelegate.swift in Sources */ = {isa = PBXBuildFile; fileRef = CE9FA1021FEEE2A400B77E87 /* AppDelegate.swift */; };
		CE9FA1051FEEE2A400B77E87 /* ViewController.swift in Sources */ = {isa = PBXBuildFile; fileRef = CE9FA1041FEEE2A400B77E87 /* ViewController.swift */; };
		CE9FA1081FEEE2A400B77E87 /* Main.storyboard in Resources */ = {isa = PBXBuildFile; fileRef = CE9FA1061FEEE2A400B77E87 /* Main.storyboard */; };
		CE9FA10A1FEEE2A400B77E87 /* Assets.xcassets in Resources */ = {isa = PBXBuildFile; fileRef = CE9FA1091FEEE2A400B77E87 /* Assets.xcassets */; };
		CE9FA10D1FEEE2A400B77E87 /* LaunchScreen.storyboard in Resources */ = {isa = PBXBuildFile; fileRef = CE9FA10B1FEEE2A400B77E87 /* LaunchScreen.storyboard */; };
		CE9FA1181FEEE2A500B77E87 /* YooSpendTests.swift in Sources */ = {isa = PBXBuildFile; fileRef = CE9FA1171FEEE2A500B77E87 /* YooSpendTests.swift */; };
		CE9FA1231FEEE2A500B77E87 /* YooSpendUITests.swift in Sources */ = {isa = PBXBuildFile; fileRef = CE9FA1221FEEE2A500B77E87 /* YooSpendUITests.swift */; };
		CE9FA1371FF01F0F00B77E87 /* BaseViewModel.swift in Sources */ = {isa = PBXBuildFile; fileRef = CE9FA1361FF01F0F00B77E87 /* BaseViewModel.swift */; };
		CE9FA1391FF0238700B77E87 /* BaseViewController.swift in Sources */ = {isa = PBXBuildFile; fileRef = CE9FA1381FF0238700B77E87 /* BaseViewController.swift */; };
		CE9FA13C1FF0389100B77E87 /* TestModel.swift in Sources */ = {isa = PBXBuildFile; fileRef = CE9FA13B1FF0389100B77E87 /* TestModel.swift */; };
		CE9FA13E1FF039BA00B77E87 /* Parser.swift in Sources */ = {isa = PBXBuildFile; fileRef = CE9FA13D1FF039BA00B77E87 /* Parser.swift */; };
		CEB2D4532025E3490056A39B /* ResponseDataContainer.swift in Sources */ = {isa = PBXBuildFile; fileRef = CEB2D4522025E3490056A39B /* ResponseDataContainer.swift */; };
		CEF1012420264B810059596F /* String+Localization.swift in Sources */ = {isa = PBXBuildFile; fileRef = CEF1012320264B810059596F /* String+Localization.swift */; };
		CEF705962025D85700B07B98 /* NavigationController.swift in Sources */ = {isa = PBXBuildFile; fileRef = CEF705942025D85700B07B98 /* NavigationController.swift */; };
		CEF705972025D85700B07B98 /* TabBarController.swift in Sources */ = {isa = PBXBuildFile; fileRef = CEF705952025D85700B07B98 /* TabBarController.swift */; };
		CEF7059A2025D89900B07B98 /* UIViewController+ActivityLoading.swift in Sources */ = {isa = PBXBuildFile; fileRef = CEF705992025D89900B07B98 /* UIViewController+ActivityLoading.swift */; };
/* End PBXBuildFile section */

/* Begin PBXContainerItemProxy section */
		5C390F9920AA383C0080D5B8 /* PBXContainerItemProxy */ = {
			isa = PBXContainerItemProxy;
			containerPortal = CE9FA0F71FEEE2A400B77E87 /* Project object */;
			proxyType = 1;
			remoteGlobalIDString = 5C390F9320AA383C0080D5B8;
			remoteInfo = Core;
		};
		CE9FA1141FEEE2A500B77E87 /* PBXContainerItemProxy */ = {
			isa = PBXContainerItemProxy;
			containerPortal = CE9FA0F71FEEE2A400B77E87 /* Project object */;
			proxyType = 1;
			remoteGlobalIDString = CE9FA0FE1FEEE2A400B77E87;
			remoteInfo = YooSpend;
		};
		CE9FA11F1FEEE2A500B77E87 /* PBXContainerItemProxy */ = {
			isa = PBXContainerItemProxy;
			containerPortal = CE9FA0F71FEEE2A400B77E87 /* Project object */;
			proxyType = 1;
			remoteGlobalIDString = CE9FA0FE1FEEE2A400B77E87;
			remoteInfo = YooSpend;
		};
/* End PBXContainerItemProxy section */

/* Begin PBXCopyFilesBuildPhase section */
		5C390FA020AA383C0080D5B8 /* Embed Frameworks */ = {
			isa = PBXCopyFilesBuildPhase;
			buildActionMask = 2147483647;
			dstPath = "";
			dstSubfolderSpec = 10;
			files = (
				5C390F9C20AA383C0080D5B8 /* Core.framework in Embed Frameworks */,
			);
			name = "Embed Frameworks";
			runOnlyForDeploymentPostprocessing = 0;
		};
/* End PBXCopyFilesBuildPhase section */

/* Begin PBXFileReference section */
		5C390F8D20AA31CD0080D5B8 /* UIView+Extensions.swift */ = {isa = PBXFileReference; lastKnownFileType = sourcecode.swift; path = "UIView+Extensions.swift"; sourceTree = "<group>"; };
		5C390F9420AA383C0080D5B8 /* Core.framework */ = {isa = PBXFileReference; explicitFileType = wrapper.framework; includeInIndex = 0; path = Core.framework; sourceTree = BUILT_PRODUCTS_DIR; };
		5C390F9620AA383C0080D5B8 /* Core.h */ = {isa = PBXFileReference; lastKnownFileType = sourcecode.c.h; path = Core.h; sourceTree = "<group>"; };
		5C390F9720AA383C0080D5B8 /* Info.plist */ = {isa = PBXFileReference; lastKnownFileType = text.plist.xml; path = Info.plist; sourceTree = "<group>"; };
		CE1096352027975300365A0A /* BurgerMenuViewController.swift */ = {isa = PBXFileReference; lastKnownFileType = sourcecode.swift; path = BurgerMenuViewController.swift; sourceTree = "<group>"; };
		CE10963820279C6800365A0A /* BurgerMenuItem.swift */ = {isa = PBXFileReference; lastKnownFileType = sourcecode.swift; path = BurgerMenuItem.swift; sourceTree = "<group>"; };
		CE10963A20279FED00365A0A /* BurgerMenuCell.swift */ = {isa = PBXFileReference; lastKnownFileType = sourcecode.swift; path = BurgerMenuCell.swift; sourceTree = "<group>"; };
		CE10963C2027A3AA00365A0A /* BurgerMenuHeaderView.swift */ = {isa = PBXFileReference; lastKnownFileType = sourcecode.swift; path = BurgerMenuHeaderView.swift; sourceTree = "<group>"; };
		CE4506461FF19D8900DC65B6 /* RestApiManager.swift */ = {isa = PBXFileReference; lastKnownFileType = sourcecode.swift; path = RestApiManager.swift; sourceTree = "<group>"; };
		CE4506491FF19F0000DC65B6 /* Router.swift */ = {isa = PBXFileReference; lastKnownFileType = sourcecode.swift; path = Router.swift; sourceTree = "<group>"; };
		CE9FA0FF1FEEE2A400B77E87 /* YooSpend.app */ = {isa = PBXFileReference; explicitFileType = wrapper.application; includeInIndex = 0; path = YooSpend.app; sourceTree = BUILT_PRODUCTS_DIR; };
		CE9FA1021FEEE2A400B77E87 /* AppDelegate.swift */ = {isa = PBXFileReference; lastKnownFileType = sourcecode.swift; path = AppDelegate.swift; sourceTree = "<group>"; };
		CE9FA1041FEEE2A400B77E87 /* ViewController.swift */ = {isa = PBXFileReference; lastKnownFileType = sourcecode.swift; path = ViewController.swift; sourceTree = "<group>"; };
		CE9FA1071FEEE2A400B77E87 /* Base */ = {isa = PBXFileReference; lastKnownFileType = file.storyboard; name = Base; path = Base.lproj/Main.storyboard; sourceTree = "<group>"; };
		CE9FA1091FEEE2A400B77E87 /* Assets.xcassets */ = {isa = PBXFileReference; lastKnownFileType = folder.assetcatalog; path = Assets.xcassets; sourceTree = "<group>"; };
		CE9FA10C1FEEE2A400B77E87 /* Base */ = {isa = PBXFileReference; lastKnownFileType = file.storyboard; name = Base; path = Base.lproj/LaunchScreen.storyboard; sourceTree = "<group>"; };
		CE9FA10E1FEEE2A400B77E87 /* Info.plist */ = {isa = PBXFileReference; lastKnownFileType = text.plist.xml; path = Info.plist; sourceTree = "<group>"; };
		CE9FA1131FEEE2A500B77E87 /* YooSpendTests.xctest */ = {isa = PBXFileReference; explicitFileType = wrapper.cfbundle; includeInIndex = 0; path = YooSpendTests.xctest; sourceTree = BUILT_PRODUCTS_DIR; };
		CE9FA1171FEEE2A500B77E87 /* YooSpendTests.swift */ = {isa = PBXFileReference; lastKnownFileType = sourcecode.swift; path = YooSpendTests.swift; sourceTree = "<group>"; };
		CE9FA1191FEEE2A500B77E87 /* Info.plist */ = {isa = PBXFileReference; lastKnownFileType = text.plist.xml; path = Info.plist; sourceTree = "<group>"; };
		CE9FA11E1FEEE2A500B77E87 /* YooSpendUITests.xctest */ = {isa = PBXFileReference; explicitFileType = wrapper.cfbundle; includeInIndex = 0; path = YooSpendUITests.xctest; sourceTree = BUILT_PRODUCTS_DIR; };
		CE9FA1221FEEE2A500B77E87 /* YooSpendUITests.swift */ = {isa = PBXFileReference; lastKnownFileType = sourcecode.swift; path = YooSpendUITests.swift; sourceTree = "<group>"; };
		CE9FA1241FEEE2A500B77E87 /* Info.plist */ = {isa = PBXFileReference; lastKnownFileType = text.plist.xml; path = Info.plist; sourceTree = "<group>"; };
		CE9FA1361FF01F0F00B77E87 /* BaseViewModel.swift */ = {isa = PBXFileReference; lastKnownFileType = sourcecode.swift; path = BaseViewModel.swift; sourceTree = "<group>"; };
		CE9FA1381FF0238700B77E87 /* BaseViewController.swift */ = {isa = PBXFileReference; lastKnownFileType = sourcecode.swift; path = BaseViewController.swift; sourceTree = "<group>"; };
		CE9FA13B1FF0389100B77E87 /* TestModel.swift */ = {isa = PBXFileReference; lastKnownFileType = sourcecode.swift; path = TestModel.swift; sourceTree = "<group>"; };
		CE9FA13D1FF039BA00B77E87 /* Parser.swift */ = {isa = PBXFileReference; lastKnownFileType = sourcecode.swift; path = Parser.swift; sourceTree = "<group>"; };
		CEB2D4522025E3490056A39B /* ResponseDataContainer.swift */ = {isa = PBXFileReference; fileEncoding = 4; lastKnownFileType = sourcecode.swift; path = ResponseDataContainer.swift; sourceTree = "<group>"; };
		CEF1012320264B810059596F /* String+Localization.swift */ = {isa = PBXFileReference; lastKnownFileType = sourcecode.swift; path = "String+Localization.swift"; sourceTree = "<group>"; };
		CEF705942025D85700B07B98 /* NavigationController.swift */ = {isa = PBXFileReference; fileEncoding = 4; lastKnownFileType = sourcecode.swift; path = NavigationController.swift; sourceTree = "<group>"; };
		CEF705952025D85700B07B98 /* TabBarController.swift */ = {isa = PBXFileReference; fileEncoding = 4; lastKnownFileType = sourcecode.swift; path = TabBarController.swift; sourceTree = "<group>"; };
		CEF705992025D89900B07B98 /* UIViewController+ActivityLoading.swift */ = {isa = PBXFileReference; lastKnownFileType = sourcecode.swift; path = "UIViewController+ActivityLoading.swift"; sourceTree = "<group>"; };
/* End PBXFileReference section */

/* Begin PBXFrameworksBuildPhase section */
		5C390F9020AA383C0080D5B8 /* Frameworks */ = {
			isa = PBXFrameworksBuildPhase;
			buildActionMask = 2147483647;
			files = (
			);
			runOnlyForDeploymentPostprocessing = 0;
		};
		CE9FA0FC1FEEE2A400B77E87 /* Frameworks */ = {
			isa = PBXFrameworksBuildPhase;
			buildActionMask = 2147483647;
			files = (
				5C390F9B20AA383C0080D5B8 /* Core.framework in Frameworks */,
			);
			runOnlyForDeploymentPostprocessing = 0;
		};
		CE9FA1101FEEE2A500B77E87 /* Frameworks */ = {
			isa = PBXFrameworksBuildPhase;
			buildActionMask = 2147483647;
			files = (
			);
			runOnlyForDeploymentPostprocessing = 0;
		};
		CE9FA11B1FEEE2A500B77E87 /* Frameworks */ = {
			isa = PBXFrameworksBuildPhase;
			buildActionMask = 2147483647;
			files = (
			);
			runOnlyForDeploymentPostprocessing = 0;
		};
/* End PBXFrameworksBuildPhase section */

/* Begin PBXGroup section */
		5C390F9520AA383C0080D5B8 /* Core */ = {
			isa = PBXGroup;
			children = (
				CE4506481FF19E7F00DC65B6 /* RequestManager */,
				CE9FA13A1FF0386500B77E87 /* Models */,
				5C390F9620AA383C0080D5B8 /* Core.h */,
				5C390F9720AA383C0080D5B8 /* Info.plist */,
			);
			path = Core;
			sourceTree = "<group>";
		};
		CE10963720279BB500365A0A /* BurgerMenu */ = {
			isa = PBXGroup;
			children = (
				CE9FA1061FEEE2A400B77E87 /* Main.storyboard */,
				CE1096352027975300365A0A /* BurgerMenuViewController.swift */,
				CE10963820279C6800365A0A /* BurgerMenuItem.swift */,
				CE10963A20279FED00365A0A /* BurgerMenuCell.swift */,
				CE10963C2027A3AA00365A0A /* BurgerMenuHeaderView.swift */,
			);
			path = BurgerMenu;
			sourceTree = "<group>";
		};
		CE4506481FF19E7F00DC65B6 /* RequestManager */ = {
			isa = PBXGroup;
			children = (
				CE9FA13D1FF039BA00B77E87 /* Parser.swift */,
				CE4506461FF19D8900DC65B6 /* RestApiManager.swift */,
				CE4506491FF19F0000DC65B6 /* Router.swift */,
			);
			path = RequestManager;
			sourceTree = "<group>";
		};
		CE9FA0F61FEEE2A400B77E87 = {
			isa = PBXGroup;
			children = (
				CE9FA1011FEEE2A400B77E87 /* YooSpend */,
				CE9FA1161FEEE2A500B77E87 /* YooSpendTests */,
				CE9FA1211FEEE2A500B77E87 /* YooSpendUITests */,
				5C390F9520AA383C0080D5B8 /* Core */,
				CE9FA1001FEEE2A400B77E87 /* Products */,
				CE9FA1301FEEF3E900B77E87 /* Frameworks */,
			);
			sourceTree = "<group>";
		};
		CE9FA1001FEEE2A400B77E87 /* Products */ = {
			isa = PBXGroup;
			children = (
				CE9FA0FF1FEEE2A400B77E87 /* YooSpend.app */,
				CE9FA1131FEEE2A500B77E87 /* YooSpendTests.xctest */,
				CE9FA11E1FEEE2A500B77E87 /* YooSpendUITests.xctest */,
				5C390F9420AA383C0080D5B8 /* Core.framework */,
			);
			name = Products;
			sourceTree = "<group>";
		};
		CE9FA1011FEEE2A400B77E87 /* YooSpend */ = {
			isa = PBXGroup;
			children = (
				CEF705982025D88300B07B98 /* Extensions */,
				CE9FA1351FF01E4400B77E87 /* Common */,
				CE9FA1021FEEE2A400B77E87 /* AppDelegate.swift */,
				CE9FA1041FEEE2A400B77E87 /* ViewController.swift */,
				CE9FA1091FEEE2A400B77E87 /* Assets.xcassets */,
				CE9FA10B1FEEE2A400B77E87 /* LaunchScreen.storyboard */,
				CE9FA10E1FEEE2A400B77E87 /* Info.plist */,
			);
			path = YooSpend;
			sourceTree = "<group>";
		};
		CE9FA1161FEEE2A500B77E87 /* YooSpendTests */ = {
			isa = PBXGroup;
			children = (
				CE9FA1171FEEE2A500B77E87 /* YooSpendTests.swift */,
				CE9FA1191FEEE2A500B77E87 /* Info.plist */,
			);
			path = YooSpendTests;
			sourceTree = "<group>";
		};
		CE9FA1211FEEE2A500B77E87 /* YooSpendUITests */ = {
			isa = PBXGroup;
			children = (
				CE9FA1221FEEE2A500B77E87 /* YooSpendUITests.swift */,
				CE9FA1241FEEE2A500B77E87 /* Info.plist */,
			);
			path = YooSpendUITests;
			sourceTree = "<group>";
		};
		CE9FA1301FEEF3E900B77E87 /* Frameworks */ = {
			isa = PBXGroup;
			children = (
			);
			name = Frameworks;
			sourceTree = "<group>";
		};
		CE9FA1351FF01E4400B77E87 /* Common */ = {
			isa = PBXGroup;
			children = (
				CE10963720279BB500365A0A /* BurgerMenu */,
				CEF705942025D85700B07B98 /* NavigationController.swift */,
				CEF705952025D85700B07B98 /* TabBarController.swift */,
				CE9FA1361FF01F0F00B77E87 /* BaseViewModel.swift */,
				CE9FA1381FF0238700B77E87 /* BaseViewController.swift */,
			);
			path = Common;
			sourceTree = "<group>";
		};
		CE9FA13A1FF0386500B77E87 /* Models */ = {
			isa = PBXGroup;
			children = (
				CEB2D4522025E3490056A39B /* ResponseDataContainer.swift */,
				CE9FA13B1FF0389100B77E87 /* TestModel.swift */,
			);
			path = Models;
			sourceTree = "<group>";
		};
		CEF705982025D88300B07B98 /* Extensions */ = {
			isa = PBXGroup;
			children = (
				CEF705992025D89900B07B98 /* UIViewController+ActivityLoading.swift */,
				CEF1012320264B810059596F /* String+Localization.swift */,
				5C390F8D20AA31CD0080D5B8 /* UIView+Extensions.swift */,
			);
			path = Extensions;
			sourceTree = "<group>";
		};
/* End PBXGroup section */

/* Begin PBXHeadersBuildPhase section */
		5C390F9120AA383C0080D5B8 /* Headers */ = {
			isa = PBXHeadersBuildPhase;
			buildActionMask = 2147483647;
			files = (
				5C390F9820AA383C0080D5B8 /* Core.h in Headers */,
			);
			runOnlyForDeploymentPostprocessing = 0;
		};
/* End PBXHeadersBuildPhase section */

/* Begin PBXNativeTarget section */
		5C390F9320AA383C0080D5B8 /* Core */ = {
			isa = PBXNativeTarget;
			buildConfigurationList = 5C390F9D20AA383C0080D5B8 /* Build configuration list for PBXNativeTarget "Core" */;
			buildPhases = (
				5C390F8F20AA383C0080D5B8 /* Sources */,
				5C390F9020AA383C0080D5B8 /* Frameworks */,
				5C390F9120AA383C0080D5B8 /* Headers */,
				5C390F9220AA383C0080D5B8 /* Resources */,
			);
			buildRules = (
			);
			dependencies = (
			);
			name = Core;
			productName = Core;
			productReference = 5C390F9420AA383C0080D5B8 /* Core.framework */;
			productType = "com.apple.product-type.framework";
		};
		CE9FA0FE1FEEE2A400B77E87 /* YooSpend */ = {
			isa = PBXNativeTarget;
			buildConfigurationList = CE9FA1271FEEE2A500B77E87 /* Build configuration list for PBXNativeTarget "YooSpend" */;
			buildPhases = (
				CE9FA0FB1FEEE2A400B77E87 /* Sources */,
				CE9FA0FC1FEEE2A400B77E87 /* Frameworks */,
				CE9FA0FD1FEEE2A400B77E87 /* Resources */,
				5C390F8C20AA310F0080D5B8 /* ShellScript */,
				5C390FA020AA383C0080D5B8 /* Embed Frameworks */,
			);
			buildRules = (
			);
			dependencies = (
				5C390F9A20AA383C0080D5B8 /* PBXTargetDependency */,
			);
			name = YooSpend;
			productName = YooSpend;
			productReference = CE9FA0FF1FEEE2A400B77E87 /* YooSpend.app */;
			productType = "com.apple.product-type.application";
		};
		CE9FA1121FEEE2A500B77E87 /* YooSpendTests */ = {
			isa = PBXNativeTarget;
			buildConfigurationList = CE9FA12A1FEEE2A500B77E87 /* Build configuration list for PBXNativeTarget "YooSpendTests" */;
			buildPhases = (
				CE9FA10F1FEEE2A500B77E87 /* Sources */,
				CE9FA1101FEEE2A500B77E87 /* Frameworks */,
				CE9FA1111FEEE2A500B77E87 /* Resources */,
			);
			buildRules = (
			);
			dependencies = (
				CE9FA1151FEEE2A500B77E87 /* PBXTargetDependency */,
			);
			name = YooSpendTests;
			productName = YooSpendTests;
			productReference = CE9FA1131FEEE2A500B77E87 /* YooSpendTests.xctest */;
			productType = "com.apple.product-type.bundle.unit-test";
		};
		CE9FA11D1FEEE2A500B77E87 /* YooSpendUITests */ = {
			isa = PBXNativeTarget;
			buildConfigurationList = CE9FA12D1FEEE2A500B77E87 /* Build configuration list for PBXNativeTarget "YooSpendUITests" */;
			buildPhases = (
				CE9FA11A1FEEE2A500B77E87 /* Sources */,
				CE9FA11B1FEEE2A500B77E87 /* Frameworks */,
				CE9FA11C1FEEE2A500B77E87 /* Resources */,
			);
			buildRules = (
			);
			dependencies = (
				CE9FA1201FEEE2A500B77E87 /* PBXTargetDependency */,
			);
			name = YooSpendUITests;
			productName = YooSpendUITests;
			productReference = CE9FA11E1FEEE2A500B77E87 /* YooSpendUITests.xctest */;
			productType = "com.apple.product-type.bundle.ui-testing";
		};
/* End PBXNativeTarget section */

/* Begin PBXProject section */
		CE9FA0F71FEEE2A400B77E87 /* Project object */ = {
			isa = PBXProject;
			attributes = {
				LastSwiftUpdateCheck = 0920;
				LastUpgradeCheck = 0930;
				ORGANIZATIONNAME = Artak;
				TargetAttributes = {
					5C390F9320AA383C0080D5B8 = {
						CreatedOnToolsVersion = 9.3;
						ProvisioningStyle = Automatic;
					};
					CE9FA0FE1FEEE2A400B77E87 = {
						CreatedOnToolsVersion = 9.2;
						ProvisioningStyle = Automatic;
					};
					CE9FA1121FEEE2A500B77E87 = {
						CreatedOnToolsVersion = 9.2;
						ProvisioningStyle = Automatic;
						TestTargetID = CE9FA0FE1FEEE2A400B77E87;
					};
					CE9FA11D1FEEE2A500B77E87 = {
						CreatedOnToolsVersion = 9.2;
						ProvisioningStyle = Automatic;
						TestTargetID = CE9FA0FE1FEEE2A400B77E87;
					};
				};
			};
			buildConfigurationList = CE9FA0FA1FEEE2A400B77E87 /* Build configuration list for PBXProject "YooSpend" */;
			compatibilityVersion = "Xcode 8.0";
			developmentRegion = en;
			hasScannedForEncodings = 0;
			knownRegions = (
				en,
				Base,
			);
			mainGroup = CE9FA0F61FEEE2A400B77E87;
			productRefGroup = CE9FA1001FEEE2A400B77E87 /* Products */;
			projectDirPath = "";
			projectRoot = "";
			targets = (
				CE9FA0FE1FEEE2A400B77E87 /* YooSpend */,
				CE9FA1121FEEE2A500B77E87 /* YooSpendTests */,
				CE9FA11D1FEEE2A500B77E87 /* YooSpendUITests */,
				5C390F9320AA383C0080D5B8 /* Core */,
			);
		};
/* End PBXProject section */

/* Begin PBXResourcesBuildPhase section */
		5C390F9220AA383C0080D5B8 /* Resources */ = {
			isa = PBXResourcesBuildPhase;
			buildActionMask = 2147483647;
			files = (
			);
			runOnlyForDeploymentPostprocessing = 0;
		};
		CE9FA0FD1FEEE2A400B77E87 /* Resources */ = {
			isa = PBXResourcesBuildPhase;
			buildActionMask = 2147483647;
			files = (
				CE9FA10D1FEEE2A400B77E87 /* LaunchScreen.storyboard in Resources */,
				CE9FA10A1FEEE2A400B77E87 /* Assets.xcassets in Resources */,
				CE9FA1081FEEE2A400B77E87 /* Main.storyboard in Resources */,
			);
			runOnlyForDeploymentPostprocessing = 0;
		};
		CE9FA1111FEEE2A500B77E87 /* Resources */ = {
			isa = PBXResourcesBuildPhase;
			buildActionMask = 2147483647;
			files = (
			);
			runOnlyForDeploymentPostprocessing = 0;
		};
		CE9FA11C1FEEE2A500B77E87 /* Resources */ = {
			isa = PBXResourcesBuildPhase;
			buildActionMask = 2147483647;
			files = (
			);
			runOnlyForDeploymentPostprocessing = 0;
		};
/* End PBXResourcesBuildPhase section */

/* Begin PBXShellScriptBuildPhase section */
		5C390F8C20AA310F0080D5B8 /* ShellScript */ = {
			isa = PBXShellScriptBuildPhase;
			buildActionMask = 2147483647;
			files = (
			);
			inputPaths = (
				"$(SRCROOT)/Carthage/Build/iOS/RxCocoa.framework",
				"$(SRCROOT)/Carthage/Build/iOS/RxSwift.framework",
			);
			outputPaths = (
				"$(BUILT_PRODUCTS_DIR)/$(FRAMEWORKS_FOLDER_PATH)/RxCocoa.framework",
				"$(BUILT_PRODUCTS_DIR)/$(FRAMEWORKS_FOLDER_PATH)/RxSwift.framework",
			);
			runOnlyForDeploymentPostprocessing = 0;
			shellPath = /bin/sh;
			shellScript = "/usr/local/bin/carthage copy-frameworks";
		};
/* End PBXShellScriptBuildPhase section */

/* Begin PBXSourcesBuildPhase section */
		5C390F8F20AA383C0080D5B8 /* Sources */ = {
			isa = PBXSourcesBuildPhase;
			buildActionMask = 2147483647;
			files = (
			);
			runOnlyForDeploymentPostprocessing = 0;
		};
		CE9FA0FB1FEEE2A400B77E87 /* Sources */ = {
			isa = PBXSourcesBuildPhase;
			buildActionMask = 2147483647;
			files = (
				CEF7059A2025D89900B07B98 /* UIViewController+ActivityLoading.swift in Sources */,
				CEF1012420264B810059596F /* String+Localization.swift in Sources */,
				CE45064A1FF19F0000DC65B6 /* Router.swift in Sources */,
				CEB2D4532025E3490056A39B /* ResponseDataContainer.swift in Sources */,
				CE9FA1051FEEE2A400B77E87 /* ViewController.swift in Sources */,
				CE9FA1391FF0238700B77E87 /* BaseViewController.swift in Sources */,
				CEF705972025D85700B07B98 /* TabBarController.swift in Sources */,
				CE9FA13E1FF039BA00B77E87 /* Parser.swift in Sources */,
				CEF705962025D85700B07B98 /* NavigationController.swift in Sources */,
				CE9FA13C1FF0389100B77E87 /* TestModel.swift in Sources */,
				CE10963920279C6800365A0A /* BurgerMenuItem.swift in Sources */,
				CE10963B20279FED00365A0A /* BurgerMenuCell.swift in Sources */,
				5C390F8E20AA31CD0080D5B8 /* UIView+Extensions.swift in Sources */,
				CE1096362027975300365A0A /* BurgerMenuViewController.swift in Sources */,
				CE10963D2027A3AA00365A0A /* BurgerMenuHeaderView.swift in Sources */,
				CE9FA1371FF01F0F00B77E87 /* BaseViewModel.swift in Sources */,
				CE4506471FF19D8900DC65B6 /* RestApiManager.swift in Sources */,
				CE9FA1031FEEE2A400B77E87 /* AppDelegate.swift in Sources */,
			);
			runOnlyForDeploymentPostprocessing = 0;
		};
		CE9FA10F1FEEE2A500B77E87 /* Sources */ = {
			isa = PBXSourcesBuildPhase;
			buildActionMask = 2147483647;
			files = (
				CE9FA1181FEEE2A500B77E87 /* YooSpendTests.swift in Sources */,
			);
			runOnlyForDeploymentPostprocessing = 0;
		};
		CE9FA11A1FEEE2A500B77E87 /* Sources */ = {
			isa = PBXSourcesBuildPhase;
			buildActionMask = 2147483647;
			files = (
				CE9FA1231FEEE2A500B77E87 /* YooSpendUITests.swift in Sources */,
			);
			runOnlyForDeploymentPostprocessing = 0;
		};
/* End PBXSourcesBuildPhase section */

/* Begin PBXTargetDependency section */
		5C390F9A20AA383C0080D5B8 /* PBXTargetDependency */ = {
			isa = PBXTargetDependency;
			target = 5C390F9320AA383C0080D5B8 /* Core */;
			targetProxy = 5C390F9920AA383C0080D5B8 /* PBXContainerItemProxy */;
		};
		CE9FA1151FEEE2A500B77E87 /* PBXTargetDependency */ = {
			isa = PBXTargetDependency;
			target = CE9FA0FE1FEEE2A400B77E87 /* YooSpend */;
			targetProxy = CE9FA1141FEEE2A500B77E87 /* PBXContainerItemProxy */;
		};
		CE9FA1201FEEE2A500B77E87 /* PBXTargetDependency */ = {
			isa = PBXTargetDependency;
			target = CE9FA0FE1FEEE2A400B77E87 /* YooSpend */;
			targetProxy = CE9FA11F1FEEE2A500B77E87 /* PBXContainerItemProxy */;
		};
/* End PBXTargetDependency section */

/* Begin PBXVariantGroup section */
		CE9FA1061FEEE2A400B77E87 /* Main.storyboard */ = {
			isa = PBXVariantGroup;
			children = (
				CE9FA1071FEEE2A400B77E87 /* Base */,
			);
			name = Main.storyboard;
			sourceTree = "<group>";
		};
		CE9FA10B1FEEE2A400B77E87 /* LaunchScreen.storyboard */ = {
			isa = PBXVariantGroup;
			children = (
				CE9FA10C1FEEE2A400B77E87 /* Base */,
			);
			name = LaunchScreen.storyboard;
			sourceTree = "<group>";
		};
/* End PBXVariantGroup section */

/* Begin XCBuildConfiguration section */
		5C390F9E20AA383C0080D5B8 /* Debug */ = {
			isa = XCBuildConfiguration;
			buildSettings = {
				CLANG_ENABLE_OBJC_WEAK = YES;
				CODE_SIGN_IDENTITY = "";
				CODE_SIGN_STYLE = Automatic;
				CURRENT_PROJECT_VERSION = 1;
				DEFINES_MODULE = YES;
				DYLIB_COMPATIBILITY_VERSION = 1;
				DYLIB_CURRENT_VERSION = 1;
				DYLIB_INSTALL_NAME_BASE = "@rpath";
				INFOPLIST_FILE = Core/Info.plist;
				INSTALL_PATH = "$(LOCAL_LIBRARY_DIR)/Frameworks";
				IPHONEOS_DEPLOYMENT_TARGET = 11.3;
				LD_RUNPATH_SEARCH_PATHS = "$(inherited) @executable_path/Frameworks @loader_path/Frameworks";
				PRODUCT_BUNDLE_IDENTIFIER = YooSpend.Core;
				PRODUCT_NAME = "$(TARGET_NAME:c99extidentifier)";
				SKIP_INSTALL = YES;
				SWIFT_VERSION = 4.0;
				TARGETED_DEVICE_FAMILY = "1,2";
				VERSIONING_SYSTEM = "apple-generic";
				VERSION_INFO_PREFIX = "";
			};
			name = Debug;
		};
		5C390F9F20AA383C0080D5B8 /* Release */ = {
			isa = XCBuildConfiguration;
			buildSettings = {
				CLANG_ENABLE_OBJC_WEAK = YES;
				CODE_SIGN_IDENTITY = "";
				CODE_SIGN_STYLE = Automatic;
				CURRENT_PROJECT_VERSION = 1;
				DEFINES_MODULE = YES;
				DYLIB_COMPATIBILITY_VERSION = 1;
				DYLIB_CURRENT_VERSION = 1;
				DYLIB_INSTALL_NAME_BASE = "@rpath";
				INFOPLIST_FILE = Core/Info.plist;
				INSTALL_PATH = "$(LOCAL_LIBRARY_DIR)/Frameworks";
				IPHONEOS_DEPLOYMENT_TARGET = 11.3;
				LD_RUNPATH_SEARCH_PATHS = "$(inherited) @executable_path/Frameworks @loader_path/Frameworks";
				PRODUCT_BUNDLE_IDENTIFIER = YooSpend.Core;
				PRODUCT_NAME = "$(TARGET_NAME:c99extidentifier)";
				SKIP_INSTALL = YES;
				SWIFT_VERSION = 4.0;
				TARGETED_DEVICE_FAMILY = "1,2";
				VERSIONING_SYSTEM = "apple-generic";
				VERSION_INFO_PREFIX = "";
			};
			name = Release;
		};
		CE9FA1251FEEE2A500B77E87 /* Debug */ = {
			isa = XCBuildConfiguration;
			buildSettings = {
				ALWAYS_SEARCH_USER_PATHS = NO;
				CLANG_ANALYZER_NONNULL = YES;
				CLANG_ANALYZER_NUMBER_OBJECT_CONVERSION = YES_AGGRESSIVE;
				CLANG_CXX_LANGUAGE_STANDARD = "gnu++14";
				CLANG_CXX_LIBRARY = "libc++";
				CLANG_ENABLE_MODULES = YES;
				CLANG_ENABLE_OBJC_ARC = YES;
				CLANG_WARN_BLOCK_CAPTURE_AUTORELEASING = YES;
				CLANG_WARN_BOOL_CONVERSION = YES;
				CLANG_WARN_COMMA = YES;
				CLANG_WARN_CONSTANT_CONVERSION = YES;
				CLANG_WARN_DEPRECATED_OBJC_IMPLEMENTATIONS = YES;
				CLANG_WARN_DIRECT_OBJC_ISA_USAGE = YES_ERROR;
				CLANG_WARN_DOCUMENTATION_COMMENTS = YES;
				CLANG_WARN_EMPTY_BODY = YES;
				CLANG_WARN_ENUM_CONVERSION = YES;
				CLANG_WARN_INFINITE_RECURSION = YES;
				CLANG_WARN_INT_CONVERSION = YES;
				CLANG_WARN_NON_LITERAL_NULL_CONVERSION = YES;
				CLANG_WARN_OBJC_IMPLICIT_RETAIN_SELF = YES;
				CLANG_WARN_OBJC_LITERAL_CONVERSION = YES;
				CLANG_WARN_OBJC_ROOT_CLASS = YES_ERROR;
				CLANG_WARN_RANGE_LOOP_ANALYSIS = YES;
				CLANG_WARN_STRICT_PROTOTYPES = YES;
				CLANG_WARN_SUSPICIOUS_MOVE = YES;
				CLANG_WARN_UNGUARDED_AVAILABILITY = YES_AGGRESSIVE;
				CLANG_WARN_UNREACHABLE_CODE = YES;
				CLANG_WARN__DUPLICATE_METHOD_MATCH = YES;
				CODE_SIGN_IDENTITY = "iPhone Developer";
				COPY_PHASE_STRIP = NO;
				DEBUG_INFORMATION_FORMAT = dwarf;
				ENABLE_STRICT_OBJC_MSGSEND = YES;
				ENABLE_TESTABILITY = YES;
				GCC_C_LANGUAGE_STANDARD = gnu11;
				GCC_DYNAMIC_NO_PIC = NO;
				GCC_NO_COMMON_BLOCKS = YES;
				GCC_OPTIMIZATION_LEVEL = 0;
				GCC_PREPROCESSOR_DEFINITIONS = (
					"DEBUG=1",
					"$(inherited)",
				);
				GCC_WARN_64_TO_32_BIT_CONVERSION = YES;
				GCC_WARN_ABOUT_RETURN_TYPE = YES_ERROR;
				GCC_WARN_UNDECLARED_SELECTOR = YES;
				GCC_WARN_UNINITIALIZED_AUTOS = YES_AGGRESSIVE;
				GCC_WARN_UNUSED_FUNCTION = YES;
				GCC_WARN_UNUSED_VARIABLE = YES;
				IPHONEOS_DEPLOYMENT_TARGET = 11.2;
				MTL_ENABLE_DEBUG_INFO = YES;
				ONLY_ACTIVE_ARCH = YES;
				SDKROOT = iphoneos;
				SWIFT_ACTIVE_COMPILATION_CONDITIONS = DEBUG;
				SWIFT_OPTIMIZATION_LEVEL = "-Onone";
			};
			name = Debug;
		};
		CE9FA1261FEEE2A500B77E87 /* Release */ = {
			isa = XCBuildConfiguration;
			buildSettings = {
				ALWAYS_SEARCH_USER_PATHS = NO;
				CLANG_ANALYZER_NONNULL = YES;
				CLANG_ANALYZER_NUMBER_OBJECT_CONVERSION = YES_AGGRESSIVE;
				CLANG_CXX_LANGUAGE_STANDARD = "gnu++14";
				CLANG_CXX_LIBRARY = "libc++";
				CLANG_ENABLE_MODULES = YES;
				CLANG_ENABLE_OBJC_ARC = YES;
				CLANG_WARN_BLOCK_CAPTURE_AUTORELEASING = YES;
				CLANG_WARN_BOOL_CONVERSION = YES;
				CLANG_WARN_COMMA = YES;
				CLANG_WARN_CONSTANT_CONVERSION = YES;
				CLANG_WARN_DEPRECATED_OBJC_IMPLEMENTATIONS = YES;
				CLANG_WARN_DIRECT_OBJC_ISA_USAGE = YES_ERROR;
				CLANG_WARN_DOCUMENTATION_COMMENTS = YES;
				CLANG_WARN_EMPTY_BODY = YES;
				CLANG_WARN_ENUM_CONVERSION = YES;
				CLANG_WARN_INFINITE_RECURSION = YES;
				CLANG_WARN_INT_CONVERSION = YES;
				CLANG_WARN_NON_LITERAL_NULL_CONVERSION = YES;
				CLANG_WARN_OBJC_IMPLICIT_RETAIN_SELF = YES;
				CLANG_WARN_OBJC_LITERAL_CONVERSION = YES;
				CLANG_WARN_OBJC_ROOT_CLASS = YES_ERROR;
				CLANG_WARN_RANGE_LOOP_ANALYSIS = YES;
				CLANG_WARN_STRICT_PROTOTYPES = YES;
				CLANG_WARN_SUSPICIOUS_MOVE = YES;
				CLANG_WARN_UNGUARDED_AVAILABILITY = YES_AGGRESSIVE;
				CLANG_WARN_UNREACHABLE_CODE = YES;
				CLANG_WARN__DUPLICATE_METHOD_MATCH = YES;
				CODE_SIGN_IDENTITY = "iPhone Developer";
				COPY_PHASE_STRIP = NO;
				DEBUG_INFORMATION_FORMAT = "dwarf-with-dsym";
				ENABLE_NS_ASSERTIONS = NO;
				ENABLE_STRICT_OBJC_MSGSEND = YES;
				GCC_C_LANGUAGE_STANDARD = gnu11;
				GCC_NO_COMMON_BLOCKS = YES;
				GCC_WARN_64_TO_32_BIT_CONVERSION = YES;
				GCC_WARN_ABOUT_RETURN_TYPE = YES_ERROR;
				GCC_WARN_UNDECLARED_SELECTOR = YES;
				GCC_WARN_UNINITIALIZED_AUTOS = YES_AGGRESSIVE;
				GCC_WARN_UNUSED_FUNCTION = YES;
				GCC_WARN_UNUSED_VARIABLE = YES;
				IPHONEOS_DEPLOYMENT_TARGET = 11.2;
				MTL_ENABLE_DEBUG_INFO = NO;
				SDKROOT = iphoneos;
				SWIFT_OPTIMIZATION_LEVEL = "-Owholemodule";
				VALIDATE_PRODUCT = YES;
			};
			name = Release;
		};
		CE9FA1281FEEE2A500B77E87 /* Debug */ = {
			isa = XCBuildConfiguration;
			buildSettings = {
				ASSETCATALOG_COMPILER_APPICON_NAME = AppIcon;
				CODE_SIGN_STYLE = Automatic;
				FRAMEWORK_SEARCH_PATHS = (
					"$(inherited)",
					"$(PROJECT_DIR)/Carthage/Build/iOS",
				);
				INFOPLIST_FILE = YooSpend/Info.plist;
				IPHONEOS_DEPLOYMENT_TARGET = 11.0;
				LD_RUNPATH_SEARCH_PATHS = "$(inherited) @executable_path/Frameworks";
				PRODUCT_BUNDLE_IDENTIFIER = Youspend.YooSpend;
				PRODUCT_NAME = "$(TARGET_NAME)";
				SWIFT_VERSION = 4.0;
				TARGETED_DEVICE_FAMILY = "1,2";
			};
			name = Debug;
		};
		CE9FA1291FEEE2A500B77E87 /* Release */ = {
			isa = XCBuildConfiguration;
			buildSettings = {
				ASSETCATALOG_COMPILER_APPICON_NAME = AppIcon;
				CODE_SIGN_STYLE = Automatic;
				FRAMEWORK_SEARCH_PATHS = (
					"$(inherited)",
					"$(PROJECT_DIR)/Carthage/Build/iOS",
				);
				INFOPLIST_FILE = YooSpend/Info.plist;
				IPHONEOS_DEPLOYMENT_TARGET = 11.0;
				LD_RUNPATH_SEARCH_PATHS = "$(inherited) @executable_path/Frameworks";
				PRODUCT_BUNDLE_IDENTIFIER = Youspend.YooSpend;
				PRODUCT_NAME = "$(TARGET_NAME)";
				SWIFT_VERSION = 4.0;
				TARGETED_DEVICE_FAMILY = "1,2";
			};
			name = Release;
		};
		CE9FA12B1FEEE2A500B77E87 /* Debug */ = {
			isa = XCBuildConfiguration;
			buildSettings = {
				ALWAYS_EMBED_SWIFT_STANDARD_LIBRARIES = YES;
				BUNDLE_LOADER = "$(TEST_HOST)";
				CODE_SIGN_STYLE = Automatic;
				INFOPLIST_FILE = YooSpendTests/Info.plist;
				LD_RUNPATH_SEARCH_PATHS = "$(inherited) @executable_path/Frameworks @loader_path/Frameworks";
				PRODUCT_BUNDLE_IDENTIFIER = Youspend.YooSpendTests;
				PRODUCT_NAME = "$(TARGET_NAME)";
				SWIFT_VERSION = 4.0;
				TARGETED_DEVICE_FAMILY = "1,2";
				TEST_HOST = "$(BUILT_PRODUCTS_DIR)/YooSpend.app/YooSpend";
			};
			name = Debug;
		};
		CE9FA12C1FEEE2A500B77E87 /* Release */ = {
			isa = XCBuildConfiguration;
			buildSettings = {
				ALWAYS_EMBED_SWIFT_STANDARD_LIBRARIES = YES;
				BUNDLE_LOADER = "$(TEST_HOST)";
				CODE_SIGN_STYLE = Automatic;
				INFOPLIST_FILE = YooSpendTests/Info.plist;
				LD_RUNPATH_SEARCH_PATHS = "$(inherited) @executable_path/Frameworks @loader_path/Frameworks";
				PRODUCT_BUNDLE_IDENTIFIER = Youspend.YooSpendTests;
				PRODUCT_NAME = "$(TARGET_NAME)";
				SWIFT_VERSION = 4.0;
				TARGETED_DEVICE_FAMILY = "1,2";
				TEST_HOST = "$(BUILT_PRODUCTS_DIR)/YooSpend.app/YooSpend";
			};
			name = Release;
		};
		CE9FA12E1FEEE2A500B77E87 /* Debug */ = {
			isa = XCBuildConfiguration;
			buildSettings = {
				ALWAYS_EMBED_SWIFT_STANDARD_LIBRARIES = YES;
				CODE_SIGN_STYLE = Automatic;
				INFOPLIST_FILE = YooSpendUITests/Info.plist;
				LD_RUNPATH_SEARCH_PATHS = "$(inherited) @executable_path/Frameworks @loader_path/Frameworks";
				PRODUCT_BUNDLE_IDENTIFIER = Youspend.YooSpendUITests;
				PRODUCT_NAME = "$(TARGET_NAME)";
				SWIFT_VERSION = 4.0;
				TARGETED_DEVICE_FAMILY = "1,2";
				TEST_TARGET_NAME = YooSpend;
			};
			name = Debug;
		};
		CE9FA12F1FEEE2A500B77E87 /* Release */ = {
			isa = XCBuildConfiguration;
			buildSettings = {
				ALWAYS_EMBED_SWIFT_STANDARD_LIBRARIES = YES;
				CODE_SIGN_STYLE = Automatic;
				INFOPLIST_FILE = YooSpendUITests/Info.plist;
				LD_RUNPATH_SEARCH_PATHS = "$(inherited) @executable_path/Frameworks @loader_path/Frameworks";
				PRODUCT_BUNDLE_IDENTIFIER = Youspend.YooSpendUITests;
				PRODUCT_NAME = "$(TARGET_NAME)";
				SWIFT_VERSION = 4.0;
				TARGETED_DEVICE_FAMILY = "1,2";
				TEST_TARGET_NAME = YooSpend;
			};
			name = Release;
		};
/* End XCBuildConfiguration section */

/* Begin XCConfigurationList section */
		5C390F9D20AA383C0080D5B8 /* Build configuration list for PBXNativeTarget "Core" */ = {
			isa = XCConfigurationList;
			buildConfigurations = (
				5C390F9E20AA383C0080D5B8 /* Debug */,
				5C390F9F20AA383C0080D5B8 /* Release */,
			);
			defaultConfigurationIsVisible = 0;
			defaultConfigurationName = Release;
		};
		CE9FA0FA1FEEE2A400B77E87 /* Build configuration list for PBXProject "YooSpend" */ = {
			isa = XCConfigurationList;
			buildConfigurations = (
				CE9FA1251FEEE2A500B77E87 /* Debug */,
				CE9FA1261FEEE2A500B77E87 /* Release */,
			);
			defaultConfigurationIsVisible = 0;
			defaultConfigurationName = Release;
		};
		CE9FA1271FEEE2A500B77E87 /* Build configuration list for PBXNativeTarget "YooSpend" */ = {
			isa = XCConfigurationList;
			buildConfigurations = (
				CE9FA1281FEEE2A500B77E87 /* Debug */,
				CE9FA1291FEEE2A500B77E87 /* Release */,
			);
			defaultConfigurationIsVisible = 0;
			defaultConfigurationName = Release;
		};
		CE9FA12A1FEEE2A500B77E87 /* Build configuration list for PBXNativeTarget "YooSpendTests" */ = {
			isa = XCConfigurationList;
			buildConfigurations = (
				CE9FA12B1FEEE2A500B77E87 /* Debug */,
				CE9FA12C1FEEE2A500B77E87 /* Release */,
			);
			defaultConfigurationIsVisible = 0;
			defaultConfigurationName = Release;
		};
		CE9FA12D1FEEE2A500B77E87 /* Build configuration list for PBXNativeTarget "YooSpendUITests" */ = {
			isa = XCConfigurationList;
			buildConfigurations = (
				CE9FA12E1FEEE2A500B77E87 /* Debug */,
				CE9FA12F1FEEE2A500B77E87 /* Release */,
			);
			defaultConfigurationIsVisible = 0;
			defaultConfigurationName = Release;
		};
/* End XCConfigurationList section */
	};
	rootObject = CE9FA0F71FEEE2A400B77E87 /* Project object */;
}
